
Microsoft Visual Studio Solution File, Format Version 12.00
# Visual Studio Version 17
VisualStudioVersion = 17.12.35514.174
MinimumVisualStudioVersion = 10.0.40219.1
Project("{FAE04EC0-301F-11D3-BF4B-00C04F79EFBC}") = "Elite_Admin", "Elite_Admin.csproj", "{C82D5A84-FC20-461E-9FCD-040A6BCF2BB3}"
EndProject
Project("{FAE04EC0-301F-11D3-BF4B-00C04F79EFBC}") = "Elite_Webservices", "..\Elite_Webservices\Elite_Webservices.csproj", "{71986654-0A4B-4AF4-A088-9CE7C20A8121}"
EndProject
Global
	GlobalSection(SolutionConfigurationPlatforms) = preSolution
		Debug|Any CPU = Debug|Any CPU
		Release|Any CPU = Release|Any CPU
	EndGlobalSection
	GlobalSection(ProjectConfigurationPlatforms) = postSolution
		{C82D5A84-FC20-461E-9FCD-040A6BCF2BB3}.Debug|Any CPU.ActiveCfg = Debug|Any CPU
		{C82D5A84-FC20-461E-9FCD-040A6BCF2BB3}.Debug|Any CPU.Build.0 = Debug|Any CPU
		{C82D5A84-FC20-461E-9FCD-040A6BCF2BB3}.Release|Any CPU.ActiveCfg = Release|Any CPU
		{C82D5A84-FC20-461E-9FCD-040A6BCF2BB3}.Release|Any CPU.Build.0 = Release|Any CPU
		{71986654-0A4B-4AF4-A088-9CE7C20A8121}.Debug|Any CPU.ActiveCfg = Debug|Any CPU
		{71986654-0A4B-4AF4-A088-9CE7C20A8121}.Debug|Any CPU.Build.0 = Debug|Any CPU
		{71986654-0A4B-4AF4-A088-9CE7C20A8121}.Release|Any CPU.ActiveCfg = Release|Any CPU
		{71986654-0A4B-4AF4-A088-9CE7C20A8121}.Release|Any CPU.Build.0 = Release|Any CPU
	EndGlobalSection
	GlobalSection(SolutionProperties) = preSolution
		HideSolutionNode = FALSE
	EndGlobalSection
	GlobalSection(ExtensibilityGlobals) = postSolution
		SolutionGuid = {7CF56B52-1A81-4DFE-B3D5-3A3881C0C756}
	EndGlobalSection
EndGlobal
